
Microsoft Visual Studio Solution File, Format Version 12.00
# Visual Studio Version 16
VisualStudioVersion = 16.0.30413.136
MinimumVisualStudioVersion = 10.0.40219.1
Project("{FAE04EC0-301F-11D3-BF4B-00C04F79EFBC}") = "WebBrowser.UI", "WebBrowser.UI\WebBrowser.UI.csproj", "{2D6DEEAB-E89C-4119-B6FB-586605273480}"
EndProject
Project("{FAE04EC0-301F-11D3-BF4B-00C04F79EFBC}") = "WebBrowser.Logic", "WebBrowser.Logic\WebBrowser.Logic.csproj", "{50EC285C-9A18-4335-BB28-C72C9BC70211}"
EndProject
Global
	GlobalSection(SolutionConfigurationPlatforms) = preSolution
		Debug|Any CPU = Debug|Any CPU
		Release|Any CPU = Release|Any CPU
	EndGlobalSection
	GlobalSection(ProjectConfigurationPlatforms) = postSolution
		{2D6DEEAB-E89C-4119-B6FB-586605273480}.Debug|Any CPU.ActiveCfg = Debug|Any CPU
		{2D6DEEAB-E89C-4119-B6FB-586605273480}.Debug|Any CPU.Build.0 = Debug|Any CPU
		{2D6DEEAB-E89C-4119-B6FB-586605273480}.Release|Any CPU.ActiveCfg = Release|Any CPU
		{2D6DEEAB-E89C-4119-B6FB-586605273480}.Release|Any CPU.Build.0 = Release|Any CPU
		{50EC285C-9A18-4335-BB28-C72C9BC70211}.Debug|Any CPU.ActiveCfg = Debug|Any CPU
		{50EC285C-9A18-4335-BB28-C72C9BC70211}.Debug|Any CPU.Build.0 = Debug|Any CPU
		{50EC285C-9A18-4335-BB28-C72C9BC70211}.Release|Any CPU.ActiveCfg = Release|Any CPU
		{50EC285C-9A18-4335-BB28-C72C9BC70211}.Release|Any CPU.Build.0 = Release|Any CPU
	EndGlobalSection
	GlobalSection(SolutionProperties) = preSolution
		HideSolutionNode = FALSE
	EndGlobalSection
	GlobalSection(ExtensibilityGlobals) = postSolution
		SolutionGuid = {710A40FA-A54A-44AB-A6B2-8576D4A1B189}
	EndGlobalSection
EndGlobal
